
Microsoft Visual Studio Solution File, Format Version 12.00
# Visual Studio Version 17
VisualStudioVersion = 17.3.32825.248
MinimumVisualStudioVersion = 10.0.40219.1
Project("{FAE04EC0-301F-11D3-BF4B-00C04F79EFBC}") = "GeometricShapes", "GeometricShapes\GeometricShapes.csproj", "{186BAB59-9BF3-4900-912E-E01947497B14}"
EndProject
Global
	GlobalSection(SolutionConfigurationPlatforms) = preSolution
		Debug|Any CPU = Debug|Any CPU
		Release|Any CPU = Release|Any CPU
	EndGlobalSection
	GlobalSection(ProjectConfigurationPlatforms) = postSolution
		{186BAB59-9BF3-4900-912E-E01947497B14}.Debug|Any CPU.ActiveCfg = Debug|Any CPU
		{186BAB59-9BF3-4900-912E-E01947497B14}.Debug|Any CPU.Build.0 = Debug|Any CPU
		{186BAB59-9BF3-4900-912E-E01947497B14}.Release|Any CPU.ActiveCfg = Release|Any CPU
		{186BAB59-9BF3-4900-912E-E01947497B14}.Release|Any CPU.Build.0 = Release|Any CPU
	EndGlobalSection
	GlobalSection(SolutionProperties) = preSolution
		HideSolutionNode = FALSE
	EndGlobalSection
	GlobalSection(ExtensibilityGlobals) = postSolution
		SolutionGuid = {B76FB950-F0BE-4C88-8BFC-6A9A4CFB3AED}
	EndGlobalSection
EndGlobal
