
Microsoft Visual Studio Solution File, Format Version 12.00
# Visual Studio Version 17
VisualStudioVersion = 17.3.32825.248
MinimumVisualStudioVersion = 10.0.40219.1
Project("{FAE04EC0-301F-11D3-BF4B-00C04F79EFBC}") = "TaskAsync", "TaskAsync\TaskAsync.csproj", "{989347DD-43E4-40A0-B148-1D9BF6F52CD3}"
EndProject
Global
	GlobalSection(SolutionConfigurationPlatforms) = preSolution
		Debug|Any CPU = Debug|Any CPU
		Release|Any CPU = Release|Any CPU
	EndGlobalSection
	GlobalSection(ProjectConfigurationPlatforms) = postSolution
		{989347DD-43E4-40A0-B148-1D9BF6F52CD3}.Debug|Any CPU.ActiveCfg = Debug|Any CPU
		{989347DD-43E4-40A0-B148-1D9BF6F52CD3}.Debug|Any CPU.Build.0 = Debug|Any CPU
		{989347DD-43E4-40A0-B148-1D9BF6F52CD3}.Release|Any CPU.ActiveCfg = Release|Any CPU
		{989347DD-43E4-40A0-B148-1D9BF6F52CD3}.Release|Any CPU.Build.0 = Release|Any CPU
	EndGlobalSection
	GlobalSection(SolutionProperties) = preSolution
		HideSolutionNode = FALSE
	EndGlobalSection
	GlobalSection(ExtensibilityGlobals) = postSolution
		SolutionGuid = {94FE2549-8CA3-4AA9-8939-5D32F62BBB27}
	EndGlobalSection
EndGlobal
