
Microsoft Visual Studio Solution File, Format Version 12.00
# Visual Studio Version 17
VisualStudioVersion = 17.3.32819.101
MinimumVisualStudioVersion = 10.0.40219.1
Project("{FAE04EC0-301F-11D3-BF4B-00C04F79EFBC}") = "ExceptionsTutorial", "ExceptionsTutorial\ExceptionsTutorial.csproj", "{68B67AF8-D998-4484-A126-9299390016BC}"
EndProject
Global
	GlobalSection(SolutionConfigurationPlatforms) = preSolution
		Debug|Any CPU = Debug|Any CPU
		Release|Any CPU = Release|Any CPU
	EndGlobalSection
	GlobalSection(ProjectConfigurationPlatforms) = postSolution
		{68B67AF8-D998-4484-A126-9299390016BC}.Debug|Any CPU.ActiveCfg = Debug|Any CPU
		{68B67AF8-D998-4484-A126-9299390016BC}.Debug|Any CPU.Build.0 = Debug|Any CPU
		{68B67AF8-D998-4484-A126-9299390016BC}.Release|Any CPU.ActiveCfg = Release|Any CPU
		{68B67AF8-D998-4484-A126-9299390016BC}.Release|Any CPU.Build.0 = Release|Any CPU
	EndGlobalSection
	GlobalSection(SolutionProperties) = preSolution
		HideSolutionNode = FALSE
	EndGlobalSection
	GlobalSection(ExtensibilityGlobals) = postSolution
		SolutionGuid = {564EF4B9-A2B0-440D-902E-6D9ACBC8C34B}
	EndGlobalSection
EndGlobal
