
Microsoft Visual Studio Solution File, Format Version 12.00
# Visual Studio Version 17
VisualStudioVersion = 17.3.32819.101
MinimumVisualStudioVersion = 10.0.40219.1
Project("{FAE04EC0-301F-11D3-BF4B-00C04F79EFBC}") = "MyFirstConsoleApp", "MyFirstConsoleApp\MyFirstConsoleApp.csproj", "{935DBF25-7621-4B94-820D-F1BB1497C458}"
EndProject
Global
	GlobalSection(SolutionConfigurationPlatforms) = preSolution
		Debug|Any CPU = Debug|Any CPU
		Release|Any CPU = Release|Any CPU
	EndGlobalSection
	GlobalSection(ProjectConfigurationPlatforms) = postSolution
		{935DBF25-7621-4B94-820D-F1BB1497C458}.Debug|Any CPU.ActiveCfg = Debug|Any CPU
		{935DBF25-7621-4B94-820D-F1BB1497C458}.Debug|Any CPU.Build.0 = Debug|Any CPU
		{935DBF25-7621-4B94-820D-F1BB1497C458}.Release|Any CPU.ActiveCfg = Release|Any CPU
		{935DBF25-7621-4B94-820D-F1BB1497C458}.Release|Any CPU.Build.0 = Release|Any CPU
	EndGlobalSection
	GlobalSection(SolutionProperties) = preSolution
		HideSolutionNode = FALSE
	EndGlobalSection
	GlobalSection(ExtensibilityGlobals) = postSolution
		SolutionGuid = {F6319516-0D3C-4BAB-A646-0136F795281D}
	EndGlobalSection
EndGlobal
