
Microsoft Visual Studio Solution File, Format Version 12.00
# Visual Studio Version 17
VisualStudioVersion = 17.3.32819.101
MinimumVisualStudioVersion = 10.0.40219.1
Project("{FAE04EC0-301F-11D3-BF4B-00C04F79EFBC}") = "ConsoleAppWithoutTopLevelSatements", "ConsoleAppWithoutTopLevelSatements\ConsoleAppWithoutTopLevelSatements.csproj", "{2EEF5C4C-C9AF-4AEA-9761-FDD1F1DC9AFA}"
EndProject
Global
	GlobalSection(SolutionConfigurationPlatforms) = preSolution
		Debug|Any CPU = Debug|Any CPU
		Release|Any CPU = Release|Any CPU
	EndGlobalSection
	GlobalSection(ProjectConfigurationPlatforms) = postSolution
		{2EEF5C4C-C9AF-4AEA-9761-FDD1F1DC9AFA}.Debug|Any CPU.ActiveCfg = Debug|Any CPU
		{2EEF5C4C-C9AF-4AEA-9761-FDD1F1DC9AFA}.Debug|Any CPU.Build.0 = Debug|Any CPU
		{2EEF5C4C-C9AF-4AEA-9761-FDD1F1DC9AFA}.Release|Any CPU.ActiveCfg = Release|Any CPU
		{2EEF5C4C-C9AF-4AEA-9761-FDD1F1DC9AFA}.Release|Any CPU.Build.0 = Release|Any CPU
	EndGlobalSection
	GlobalSection(SolutionProperties) = preSolution
		HideSolutionNode = FALSE
	EndGlobalSection
	GlobalSection(ExtensibilityGlobals) = postSolution
		SolutionGuid = {70BBF849-FC55-4986-940D-17C11C2A6D45}
	EndGlobalSection
EndGlobal
