
Microsoft Visual Studio Solution File, Format Version 12.00
# Visual Studio Version 17
VisualStudioVersion = 17.3.32819.101
MinimumVisualStudioVersion = 10.0.40219.1
Project("{FAE04EC0-301F-11D3-BF4B-00C04F79EFBC}") = "MathLibrary", "MathLibrary\MathLibrary.csproj", "{CD6DCCC3-803A-4C67-A86D-21CA563123BB}"
EndProject
Project("{FAE04EC0-301F-11D3-BF4B-00C04F79EFBC}") = "TestMaxMathLibrary", "TestMaxMathLibrary\TestMaxMathLibrary.csproj", "{BAB504B3-EA9C-4370-8351-102763427B63}"
EndProject
Global
	GlobalSection(SolutionConfigurationPlatforms) = preSolution
		Debug|Any CPU = Debug|Any CPU
		Release|Any CPU = Release|Any CPU
	EndGlobalSection
	GlobalSection(ProjectConfigurationPlatforms) = postSolution
		{CD6DCCC3-803A-4C67-A86D-21CA563123BB}.Debug|Any CPU.ActiveCfg = Debug|Any CPU
		{CD6DCCC3-803A-4C67-A86D-21CA563123BB}.Debug|Any CPU.Build.0 = Debug|Any CPU
		{CD6DCCC3-803A-4C67-A86D-21CA563123BB}.Release|Any CPU.ActiveCfg = Release|Any CPU
		{CD6DCCC3-803A-4C67-A86D-21CA563123BB}.Release|Any CPU.Build.0 = Release|Any CPU
		{BAB504B3-EA9C-4370-8351-102763427B63}.Debug|Any CPU.ActiveCfg = Debug|Any CPU
		{BAB504B3-EA9C-4370-8351-102763427B63}.Debug|Any CPU.Build.0 = Debug|Any CPU
		{BAB504B3-EA9C-4370-8351-102763427B63}.Release|Any CPU.ActiveCfg = Release|Any CPU
		{BAB504B3-EA9C-4370-8351-102763427B63}.Release|Any CPU.Build.0 = Release|Any CPU
	EndGlobalSection
	GlobalSection(SolutionProperties) = preSolution
		HideSolutionNode = FALSE
	EndGlobalSection
	GlobalSection(ExtensibilityGlobals) = postSolution
		SolutionGuid = {3CC6CCF1-4DD8-47B2-82E9-7B18785D9555}
	EndGlobalSection
EndGlobal
